
Microsoft Visual Studio Solution File, Format Version 12.00
# Visual Studio Version 17
VisualStudioVersion = 17.7.34024.191
MinimumVisualStudioVersion = 10.0.40219.1
Project("{FAE04EC0-301F-11D3-BF4B-00C04F79EFBC}") = "Gungar.CAI.Prototipos.2", "Gungar.CAI.Prototipos.2\Gungar.CAI.Prototipos.2.csproj", "{71D2F36B-F048-444F-9600-7EDEFDA678C9}"
EndProject
Global
	GlobalSection(SolutionConfigurationPlatforms) = preSolution
		Debug|Any CPU = Debug|Any CPU
		Release|Any CPU = Release|Any CPU
	EndGlobalSection
	GlobalSection(ProjectConfigurationPlatforms) = postSolution
		{71D2F36B-F048-444F-9600-7EDEFDA678C9}.Debug|Any CPU.ActiveCfg = Debug|Any CPU
		{71D2F36B-F048-444F-9600-7EDEFDA678C9}.Debug|Any CPU.Build.0 = Debug|Any CPU
		{71D2F36B-F048-444F-9600-7EDEFDA678C9}.Release|Any CPU.ActiveCfg = Release|Any CPU
		{71D2F36B-F048-444F-9600-7EDEFDA678C9}.Release|Any CPU.Build.0 = Release|Any CPU
	EndGlobalSection
	GlobalSection(SolutionProperties) = preSolution
		HideSolutionNode = FALSE
	EndGlobalSection
	GlobalSection(ExtensibilityGlobals) = postSolution
		SolutionGuid = {5C98D7D2-A908-401B-ABFD-D7DCD8DE65A8}
	EndGlobalSection
EndGlobal
